
Microsoft Visual Studio Solution File, Format Version 12.00
# Visual Studio 14
VisualStudioVersion = 14.0.24720.0
MinimumVisualStudioVersion = 10.0.40219.1
Project("{FAE04EC0-301F-11D3-BF4B-00C04F79EFBC}") = "2_4", "2_4\2_4.csproj", "{288DA296-685F-4A31-8F95-D7EBD4DC7C4E}"
EndProject
Project("{FAE04EC0-301F-11D3-BF4B-00C04F79EFBC}") = "CalcTest", "CalcTest\CalcTest.csproj", "{70CAD973-2813-4503-89DA-831FE265BD9B}"
EndProject
Global
	GlobalSection(SolutionConfigurationPlatforms) = preSolution
		Debug|Any CPU = Debug|Any CPU
		Release|Any CPU = Release|Any CPU
	EndGlobalSection
	GlobalSection(ProjectConfigurationPlatforms) = postSolution
		{288DA296-685F-4A31-8F95-D7EBD4DC7C4E}.Debug|Any CPU.ActiveCfg = Debug|Any CPU
		{288DA296-685F-4A31-8F95-D7EBD4DC7C4E}.Debug|Any CPU.Build.0 = Debug|Any CPU
		{288DA296-685F-4A31-8F95-D7EBD4DC7C4E}.Release|Any CPU.ActiveCfg = Release|Any CPU
		{288DA296-685F-4A31-8F95-D7EBD4DC7C4E}.Release|Any CPU.Build.0 = Release|Any CPU
		{70CAD973-2813-4503-89DA-831FE265BD9B}.Debug|Any CPU.ActiveCfg = Debug|Any CPU
		{70CAD973-2813-4503-89DA-831FE265BD9B}.Debug|Any CPU.Build.0 = Debug|Any CPU
		{70CAD973-2813-4503-89DA-831FE265BD9B}.Release|Any CPU.ActiveCfg = Release|Any CPU
		{70CAD973-2813-4503-89DA-831FE265BD9B}.Release|Any CPU.Build.0 = Release|Any CPU
	EndGlobalSection
	GlobalSection(SolutionProperties) = preSolution
		HideSolutionNode = FALSE
	EndGlobalSection
EndGlobal
