
Microsoft Visual Studio Solution File, Format Version 12.00
# Visual Studio 14
VisualStudioVersion = 14.0.24720.0
MinimumVisualStudioVersion = 10.0.40219.1
Project("{FAE04EC0-301F-11D3-BF4B-00C04F79EFBC}") = "7_2", "7_2\7_2.csproj", "{67A97249-3185-4643-BEF2-F187EEFCEE1A}"
EndProject
Project("{FAE04EC0-301F-11D3-BF4B-00C04F79EFBC}") = "VarietyTest", "VarietyTest\VarietyTest.csproj", "{FEDAEAD6-CC92-464A-8987-6AF9E225C8D9}"
EndProject
Global
	GlobalSection(SolutionConfigurationPlatforms) = preSolution
		Debug|Any CPU = Debug|Any CPU
		Release|Any CPU = Release|Any CPU
	EndGlobalSection
	GlobalSection(ProjectConfigurationPlatforms) = postSolution
		{67A97249-3185-4643-BEF2-F187EEFCEE1A}.Debug|Any CPU.ActiveCfg = Debug|Any CPU
		{67A97249-3185-4643-BEF2-F187EEFCEE1A}.Debug|Any CPU.Build.0 = Debug|Any CPU
		{67A97249-3185-4643-BEF2-F187EEFCEE1A}.Release|Any CPU.ActiveCfg = Release|Any CPU
		{67A97249-3185-4643-BEF2-F187EEFCEE1A}.Release|Any CPU.Build.0 = Release|Any CPU
		{FEDAEAD6-CC92-464A-8987-6AF9E225C8D9}.Debug|Any CPU.ActiveCfg = Debug|Any CPU
		{FEDAEAD6-CC92-464A-8987-6AF9E225C8D9}.Debug|Any CPU.Build.0 = Debug|Any CPU
		{FEDAEAD6-CC92-464A-8987-6AF9E225C8D9}.Release|Any CPU.ActiveCfg = Release|Any CPU
		{FEDAEAD6-CC92-464A-8987-6AF9E225C8D9}.Release|Any CPU.Build.0 = Release|Any CPU
	EndGlobalSection
	GlobalSection(SolutionProperties) = preSolution
		HideSolutionNode = FALSE
	EndGlobalSection
EndGlobal
