
Microsoft Visual Studio Solution File, Format Version 12.00
# Visual Studio 14
VisualStudioVersion = 14.0.24720.0
MinimumVisualStudioVersion = 10.0.40219.1
Project("{FAE04EC0-301F-11D3-BF4B-00C04F79EFBC}") = "5_1", "5_1\5_1.csproj", "{60630C10-BADC-4330-98D5-BE1C7D882C27}"
EndProject
Project("{FAE04EC0-301F-11D3-BF4B-00C04F79EFBC}") = "UnitTestFunction", "UnitTestFunction\UnitTestFunction.csproj", "{EE49DB56-24BE-4464-87F5-774900971816}"
EndProject
Global
	GlobalSection(SolutionConfigurationPlatforms) = preSolution
		Debug|Any CPU = Debug|Any CPU
		Release|Any CPU = Release|Any CPU
	EndGlobalSection
	GlobalSection(ProjectConfigurationPlatforms) = postSolution
		{60630C10-BADC-4330-98D5-BE1C7D882C27}.Debug|Any CPU.ActiveCfg = Debug|Any CPU
		{60630C10-BADC-4330-98D5-BE1C7D882C27}.Debug|Any CPU.Build.0 = Debug|Any CPU
		{60630C10-BADC-4330-98D5-BE1C7D882C27}.Release|Any CPU.ActiveCfg = Release|Any CPU
		{60630C10-BADC-4330-98D5-BE1C7D882C27}.Release|Any CPU.Build.0 = Release|Any CPU
		{EE49DB56-24BE-4464-87F5-774900971816}.Debug|Any CPU.ActiveCfg = Debug|Any CPU
		{EE49DB56-24BE-4464-87F5-774900971816}.Debug|Any CPU.Build.0 = Debug|Any CPU
		{EE49DB56-24BE-4464-87F5-774900971816}.Release|Any CPU.ActiveCfg = Release|Any CPU
		{EE49DB56-24BE-4464-87F5-774900971816}.Release|Any CPU.Build.0 = Release|Any CPU
	EndGlobalSection
	GlobalSection(SolutionProperties) = preSolution
		HideSolutionNode = FALSE
	EndGlobalSection
EndGlobal
